{
  "version": 4,
  "terraform_version": "1.5.7",
  "serial": 82,
  "lineage": "dd58c454-7ddf-5cbf-f512-f56e093a2cf2",
  "outputs": {},
  "resources": [
    {
      "module": "module.bootstrap",
      "mode": "managed",
      "type": "aws_dynamodb_table",
      "name": "terraform_state_lock",
      "provider": "provider[\"registry.terraform.io/hashicorp/aws\"]",
      "instances": [
        {
          "schema_version": 1,
          "attributes": {
            "arn": "arn:aws:dynamodb:us-east-2:737257479692:table/terraform-state-lock",
            "attribute": [
              {
                "name": "LockID",
                "type": "S"
              }
            ],
            "billing_mode": "PAY_PER_REQUEST",
            "deletion_protection_enabled": false,
            "global_secondary_index": [],
            "hash_key": "LockID",
            "id": "terraform-state-lock",
            "import_table": [],
            "local_secondary_index": [],
            "name": "terraform-state-lock",
            "point_in_time_recovery": [
              {
                "enabled": false
              }
            ],
            "range_key": null,
            "read_capacity": 0,
            "replica": [],
            "restore_date_time": null,
            "restore_source_name": null,
            "restore_to_latest_time": null,
            "server_side_encryption": [
              {
                "enabled": true,
                "kms_key_arn": ""
              }
            ],
            "stream_arn": "",
            "stream_enabled": false,
            "stream_label": "",
            "stream_view_type": "",
            "table_class": "STANDARD",
            "tags": null,
            "tags_all": {},
            "timeouts": null,
            "ttl": [
              {
                "attribute_name": "",
                "enabled": false
              }
            ],
            "write_capacity": 0
          },
          "sensitive_attributes": [],
          "private": "eyJlMmJmYjczMC1lY2FhLTExZTYtOGY4OC0zNDM2M2JjN2M0YzAiOnsiY3JlYXRlIjoxODAwMDAwMDAwMDAwLCJkZWxldGUiOjYwMDAwMDAwMDAwMCwidXBkYXRlIjozNjAwMDAwMDAwMDAwfSwic2NoZW1hX3ZlcnNpb24iOiIxIn0="
        }
      ]
    },
    {
      "module": "module.bootstrap.module.terraform_state_bucket",
      "mode": "data",
      "type": "aws_caller_identity",
      "name": "current",
      "provider": "provider[\"registry.terraform.io/hashicorp/aws\"]",
      "instances": [
        {
          "schema_version": 0,
          "attributes": {
            "account_id": "737257479692",
            "arn": "arn:aws:iam::737257479692:user/terraria-aws",
            "id": "737257479692",
            "user_id": "AIDA2XJ7YLYGE46H3QCNY"
          },
          "sensitive_attributes": []
        }
      ]
    },
    {
      "module": "module.bootstrap.module.terraform_state_bucket",
      "mode": "data",
      "type": "aws_iam_account_alias",
      "name": "current",
      "provider": "provider[\"registry.terraform.io/hashicorp/aws\"]",
      "instances": []
    },
    {
      "module": "module.bootstrap.module.terraform_state_bucket",
      "mode": "data",
      "type": "aws_iam_policy_document",
      "name": "supplemental_policy",
      "provider": "provider[\"registry.terraform.io/hashicorp/aws\"]",
      "instances": [
        {
          "schema_version": 0,
          "attributes": {
            "id": "1815820731",
            "json": "{\n  \"Version\": \"2012-10-17\",\n  \"Statement\": [\n    {\n      \"Sid\": \"enforce-tls-requests-only\",\n      \"Effect\": \"Deny\",\n      \"Action\": \"s3:*\",\n      \"Resource\": \"arn:aws:s3:::aws2023-tf-state-us-east-2/*\",\n      \"Principal\": {\n        \"AWS\": \"*\"\n      },\n      \"Condition\": {\n        \"Bool\": {\n          \"aws:SecureTransport\": \"false\"\n        }\n      }\n    },\n    {\n      \"Sid\": \"inventory-and-analytics\",\n      \"Effect\": \"Allow\",\n      \"Action\": \"s3:PutObject\",\n      \"Resource\": \"arn:aws:s3:::aws2023-tf-state-us-east-2/*\",\n      \"Principal\": {\n        \"Service\": \"s3.amazonaws.com\"\n      },\n      \"Condition\": {\n        \"ArnLike\": {\n          \"aws:SourceArn\": \"arn:aws:s3:::aws2023-tf-state-us-east-2\"\n        },\n        \"StringEquals\": {\n          \"aws:SourceAccount\": \"737257479692\",\n          \"s3:x-amz-acl\": \"bucket-owner-full-control\"\n        }\n      }\n    }\n  ]\n}",
            "override_policy_documents": null,
            "policy_id": null,
            "source_policy_documents": null,
            "statement": [
              {
                "actions": [
                  "s3:*"
                ],
                "condition": [
                  {
                    "test": "Bool",
                    "values": [
                      "false"
                    ],
                    "variable": "aws:SecureTransport"
                  }
                ],
                "effect": "Deny",
                "not_actions": [],
                "not_principals": [],
                "not_resources": [],
                "principals": [
                  {
                    "identifiers": [
                      "*"
                    ],
                    "type": "AWS"
                  }
                ],
                "resources": [
                  "arn:aws:s3:::aws2023-tf-state-us-east-2/*"
                ],
                "sid": "enforce-tls-requests-only"
              },
              {
                "actions": [
                  "s3:PutObject"
                ],
                "condition": [
                  {
                    "test": "ArnLike",
                    "values": [
                      "arn:aws:s3:::aws2023-tf-state-us-east-2"
                    ],
                    "variable": "aws:SourceArn"
                  },
                  {
                    "test": "StringEquals",
                    "values": [
                      "737257479692"
                    ],
                    "variable": "aws:SourceAccount"
                  },
                  {
                    "test": "StringEquals",
                    "values": [
                      "bucket-owner-full-control"
                    ],
                    "variable": "s3:x-amz-acl"
                  }
                ],
                "effect": "Allow",
                "not_actions": [],
                "not_principals": [],
                "not_resources": [],
                "principals": [
                  {
                    "identifiers": [
                      "s3.amazonaws.com"
                    ],
                    "type": "Service"
                  }
                ],
                "resources": [
                  "arn:aws:s3:::aws2023-tf-state-us-east-2/*"
                ],
                "sid": "inventory-and-analytics"
              }
            ],
            "version": "2012-10-17"
          },
          "sensitive_attributes": []
        }
      ]
    },
    {
      "module": "module.bootstrap.module.terraform_state_bucket",
      "mode": "data",
      "type": "aws_partition",
      "name": "current",
      "provider": "provider[\"registry.terraform.io/hashicorp/aws\"]",
      "instances": [
        {
          "schema_version": 0,
          "attributes": {
            "dns_suffix": "amazonaws.com",
            "id": "aws",
            "partition": "aws",
            "reverse_dns_prefix": "com.amazonaws"
          },
          "sensitive_attributes": []
        }
      ]
    },
    {
      "module": "module.bootstrap.module.terraform_state_bucket",
      "mode": "managed",
      "type": "aws_s3_bucket",
      "name": "private_bucket",
      "provider": "provider[\"registry.terraform.io/hashicorp/aws\"]",
      "instances": [
        {
          "schema_version": 0,
          "attributes": {
            "acceleration_status": "",
            "acl": null,
            "arn": "arn:aws:s3:::aws2023-tf-state-us-east-2",
            "bucket": "aws2023-tf-state-us-east-2",
            "bucket_domain_name": "aws2023-tf-state-us-east-2.s3.amazonaws.com",
            "bucket_prefix": "",
            "bucket_regional_domain_name": "aws2023-tf-state-us-east-2.s3.us-east-2.amazonaws.com",
            "cors_rule": [],
            "force_destroy": false,
            "grant": [
              {
                "id": "1bd32458ffb3793a1e8fb18faf3f347c4fb97201f3a2ca770993f63bf90dcd39",
                "permissions": [
                  "FULL_CONTROL"
                ],
                "type": "CanonicalUser",
                "uri": ""
              }
            ],
            "hosted_zone_id": "Z2O1EMRO9K5GLX",
            "id": "aws2023-tf-state-us-east-2",
            "lifecycle_rule": [],
            "logging": [],
            "object_lock_configuration": [],
            "object_lock_enabled": false,
            "policy": "",
            "region": "us-east-2",
            "replication_configuration": [],
            "request_payer": "BucketOwner",
            "server_side_encryption_configuration": [
              {
                "rule": [
                  {
                    "apply_server_side_encryption_by_default": [
                      {
                        "kms_master_key_id": "",
                        "sse_algorithm": "AES256"
                      }
                    ],
                    "bucket_key_enabled": false
                  }
                ]
              }
            ],
            "tags": null,
            "tags_all": {},
            "timeouts": null,
            "versioning": [
              {
                "enabled": false,
                "mfa_delete": false
              }
            ],
            "website": [],
            "website_domain": null,
            "website_endpoint": null
          },
          "sensitive_attributes": [],
          "private": "eyJlMmJmYjczMC1lY2FhLTExZTYtOGY4OC0zNDM2M2JjN2M0YzAiOnsiY3JlYXRlIjoxMjAwMDAwMDAwMDAwLCJkZWxldGUiOjM2MDAwMDAwMDAwMDAsInJlYWQiOjEyMDAwMDAwMDAwMDAsInVwZGF0ZSI6MTIwMDAwMDAwMDAwMH19",
          "dependencies": [
            "module.bootstrap.module.terraform_state_bucket.data.aws_iam_account_alias.current",
            "module.bootstrap.module.terraform_state_bucket_logs.aws_s3_bucket.aws_logs",
            "module.bootstrap.module.terraform_state_bucket_logs.aws_s3_bucket_acl.aws_logs",
            "module.bootstrap.module.terraform_state_bucket_logs.aws_s3_bucket_lifecycle_configuration.aws_logs",
            "module.bootstrap.module.terraform_state_bucket_logs.aws_s3_bucket_logging.aws_logs",
            "module.bootstrap.module.terraform_state_bucket_logs.aws_s3_bucket_ownership_controls.aws_logs",
            "module.bootstrap.module.terraform_state_bucket_logs.aws_s3_bucket_policy.aws_logs",
            "module.bootstrap.module.terraform_state_bucket_logs.aws_s3_bucket_public_access_block.public_access_block",
            "module.bootstrap.module.terraform_state_bucket_logs.aws_s3_bucket_server_side_encryption_configuration.aws_logs",
            "module.bootstrap.module.terraform_state_bucket_logs.aws_s3_bucket_versioning.aws_logs",
            "module.bootstrap.module.terraform_state_bucket_logs.data.aws_caller_identity.current",
            "module.bootstrap.module.terraform_state_bucket_logs.data.aws_elb_service_account.main",
            "module.bootstrap.module.terraform_state_bucket_logs.data.aws_iam_policy_document.main",
            "module.bootstrap.module.terraform_state_bucket_logs.data.aws_partition.current",
            "module.bootstrap.module.terraform_state_bucket_logs.data.aws_region.current"
          ]
        }
      ]
    },
    {
      "module": "module.bootstrap.module.terraform_state_bucket",
      "mode": "managed",
      "type": "aws_s3_bucket_analytics_configuration",
      "name": "private_analytics_config",
      "provider": "provider[\"registry.terraform.io/hashicorp/aws\"]",
      "instances": [
        {
          "index_key": 0,
          "schema_version": 0,
          "attributes": {
            "bucket": "aws2023-tf-state-us-east-2",
            "filter": [],
            "id": "aws2023-tf-state-us-east-2:Analytics",
            "name": "Analytics",
            "storage_class_analysis": [
              {
                "data_export": [
                  {
                    "destination": [
                      {
                        "s3_bucket_destination": [
                          {
                            "bucket_account_id": "",
                            "bucket_arn": "arn:aws:s3:::aws2023-tf-state-us-east-2",
                            "format": "CSV",
                            "prefix": "_AWSBucketAnalytics"
                          }
                        ]
                      }
                    ],
                    "output_schema_version": "V_1"
                  }
                ]
              }
            ]
          },
          "sensitive_attributes": [],
          "private": "bnVsbA==",
          "dependencies": [
            "module.bootstrap.module.terraform_state_bucket.aws_s3_bucket.private_bucket",
            "module.bootstrap.module.terraform_state_bucket.data.aws_iam_account_alias.current",
            "module.bootstrap.module.terraform_state_bucket_logs.aws_s3_bucket.aws_logs",
            "module.bootstrap.module.terraform_state_bucket_logs.aws_s3_bucket_acl.aws_logs",
            "module.bootstrap.module.terraform_state_bucket_logs.aws_s3_bucket_lifecycle_configuration.aws_logs",
            "module.bootstrap.module.terraform_state_bucket_logs.aws_s3_bucket_logging.aws_logs",
            "module.bootstrap.module.terraform_state_bucket_logs.aws_s3_bucket_ownership_controls.aws_logs",
            "module.bootstrap.module.terraform_state_bucket_logs.aws_s3_bucket_policy.aws_logs",
            "module.bootstrap.module.terraform_state_bucket_logs.aws_s3_bucket_public_access_block.public_access_block",
            "module.bootstrap.module.terraform_state_bucket_logs.aws_s3_bucket_server_side_encryption_configuration.aws_logs",
            "module.bootstrap.module.terraform_state_bucket_logs.aws_s3_bucket_versioning.aws_logs",
            "module.bootstrap.module.terraform_state_bucket_logs.data.aws_caller_identity.current",
            "module.bootstrap.module.terraform_state_bucket_logs.data.aws_elb_service_account.main",
            "module.bootstrap.module.terraform_state_bucket_logs.data.aws_iam_policy_document.main",
            "module.bootstrap.module.terraform_state_bucket_logs.data.aws_partition.current",
            "module.bootstrap.module.terraform_state_bucket_logs.data.aws_region.current"
          ]
        }
      ]
    },
    {
      "module": "module.bootstrap.module.terraform_state_bucket",
      "mode": "managed",
      "type": "aws_s3_bucket_lifecycle_configuration",
      "name": "private_bucket",
      "provider": "provider[\"registry.terraform.io/hashicorp/aws\"]",
      "instances": [
        {
          "schema_version": 0,
          "attributes": {
            "bucket": "aws2023-tf-state-us-east-2",
            "expected_bucket_owner": "",
            "id": "aws2023-tf-state-us-east-2",
            "rule": [
              {
                "abort_incomplete_multipart_upload": [
                  {
                    "days_after_initiation": 14
                  }
                ],
                "expiration": [
                  {
                    "date": "",
                    "days": 0,
                    "expired_object_delete_marker": true
                  }
                ],
                "filter": [
                  {
                    "and": [],
                    "object_size_greater_than": "",
                    "object_size_less_than": "",
                    "prefix": "",
                    "tag": []
                  }
                ],
                "id": "abort-incomplete-multipart-upload",
                "noncurrent_version_expiration": [
                  {
                    "newer_noncurrent_versions": "",
                    "noncurrent_days": 365
                  }
                ],
                "noncurrent_version_transition": [
                  {
                    "newer_noncurrent_versions": "",
                    "noncurrent_days": 30,
                    "storage_class": "STANDARD_IA"
                  }
                ],
                "prefix": "",
                "status": "Enabled",
                "transition": []
              },
              {
                "abort_incomplete_multipart_upload": [],
                "expiration": [
                  {
                    "date": "",
                    "days": 14,
                    "expired_object_delete_marker": false
                  }
                ],
                "filter": [
                  {
                    "and": [],
                    "object_size_greater_than": "",
                    "object_size_less_than": "",
                    "prefix": "_AWSBucketInventory/",
                    "tag": []
                  }
                ],
                "id": "aws-bucket-inventory",
                "noncurrent_version_expiration": [],
                "noncurrent_version_transition": [],
                "prefix": "",
                "status": "Enabled",
                "transition": []
              },
              {
                "abort_incomplete_multipart_upload": [],
                "expiration": [
                  {
                    "date": "",
                    "days": 30,
                    "expired_object_delete_marker": false
                  }
                ],
                "filter": [
                  {
                    "and": [],
                    "object_size_greater_than": "",
                    "object_size_less_than": "",
                    "prefix": "_AWSBucketAnalytics/",
                    "tag": []
                  }
                ],
                "id": "aws-bucket-analytics",
                "noncurrent_version_expiration": [],
                "noncurrent_version_transition": [],
                "prefix": "",
                "status": "Enabled",
                "transition": []
              }
            ]
          },
          "sensitive_attributes": [],
          "private": "bnVsbA==",
          "dependencies": [
            "module.bootstrap.module.terraform_state_bucket.aws_s3_bucket.private_bucket",
            "module.bootstrap.module.terraform_state_bucket.data.aws_iam_account_alias.current",
            "module.bootstrap.module.terraform_state_bucket_logs.aws_s3_bucket.aws_logs",
            "module.bootstrap.module.terraform_state_bucket_logs.aws_s3_bucket_acl.aws_logs",
            "module.bootstrap.module.terraform_state_bucket_logs.aws_s3_bucket_lifecycle_configuration.aws_logs",
            "module.bootstrap.module.terraform_state_bucket_logs.aws_s3_bucket_logging.aws_logs",
            "module.bootstrap.module.terraform_state_bucket_logs.aws_s3_bucket_ownership_controls.aws_logs",
            "module.bootstrap.module.terraform_state_bucket_logs.aws_s3_bucket_policy.aws_logs",
            "module.bootstrap.module.terraform_state_bucket_logs.aws_s3_bucket_public_access_block.public_access_block",
            "module.bootstrap.module.terraform_state_bucket_logs.aws_s3_bucket_server_side_encryption_configuration.aws_logs",
            "module.bootstrap.module.terraform_state_bucket_logs.aws_s3_bucket_versioning.aws_logs",
            "module.bootstrap.module.terraform_state_bucket_logs.data.aws_caller_identity.current",
            "module.bootstrap.module.terraform_state_bucket_logs.data.aws_elb_service_account.main",
            "module.bootstrap.module.terraform_state_bucket_logs.data.aws_iam_policy_document.main",
            "module.bootstrap.module.terraform_state_bucket_logs.data.aws_partition.current",
            "module.bootstrap.module.terraform_state_bucket_logs.data.aws_region.current"
          ]
        }
      ]
    },
    {
      "module": "module.bootstrap.module.terraform_state_bucket",
      "mode": "managed",
      "type": "aws_s3_bucket_logging",
      "name": "private_bucket",
      "provider": "provider[\"registry.terraform.io/hashicorp/aws\"]",
      "instances": [
        {
          "index_key": 0,
          "schema_version": 0,
          "attributes": {
            "bucket": "aws2023-tf-state-us-east-2",
            "expected_bucket_owner": "",
            "id": "aws2023-tf-state-us-east-2",
            "target_bucket": "aws2023-tf-state-log-us-east-2",
            "target_grant": [],
            "target_prefix": "s3/aws2023-tf-state-us-east-2/"
          },
          "sensitive_attributes": [],
          "private": "bnVsbA==",
          "dependencies": [
            "module.bootstrap.module.terraform_state_bucket.aws_s3_bucket.private_bucket",
            "module.bootstrap.module.terraform_state_bucket.data.aws_iam_account_alias.current",
            "module.bootstrap.module.terraform_state_bucket_logs.aws_s3_bucket.aws_logs",
            "module.bootstrap.module.terraform_state_bucket_logs.aws_s3_bucket_acl.aws_logs",
            "module.bootstrap.module.terraform_state_bucket_logs.aws_s3_bucket_lifecycle_configuration.aws_logs",
            "module.bootstrap.module.terraform_state_bucket_logs.aws_s3_bucket_logging.aws_logs",
            "module.bootstrap.module.terraform_state_bucket_logs.aws_s3_bucket_ownership_controls.aws_logs",
            "module.bootstrap.module.terraform_state_bucket_logs.aws_s3_bucket_policy.aws_logs",
            "module.bootstrap.module.terraform_state_bucket_logs.aws_s3_bucket_public_access_block.public_access_block",
            "module.bootstrap.module.terraform_state_bucket_logs.aws_s3_bucket_server_side_encryption_configuration.aws_logs",
            "module.bootstrap.module.terraform_state_bucket_logs.aws_s3_bucket_versioning.aws_logs",
            "module.bootstrap.module.terraform_state_bucket_logs.data.aws_caller_identity.current",
            "module.bootstrap.module.terraform_state_bucket_logs.data.aws_elb_service_account.main",
            "module.bootstrap.module.terraform_state_bucket_logs.data.aws_iam_policy_document.main",
            "module.bootstrap.module.terraform_state_bucket_logs.data.aws_partition.current",
            "module.bootstrap.module.terraform_state_bucket_logs.data.aws_region.current"
          ]
        }
      ]
    },
    {
      "module": "module.bootstrap.module.terraform_state_bucket",
      "mode": "managed",
      "type": "aws_s3_bucket_ownership_controls",
      "name": "private_bucket",
      "provider": "provider[\"registry.terraform.io/hashicorp/aws\"]",
      "instances": [
        {
          "index_key": 0,
          "schema_version": 0,
          "attributes": {
            "bucket": "aws2023-tf-state-us-east-2",
            "id": "aws2023-tf-state-us-east-2",
            "rule": [
              {
                "object_ownership": "BucketOwnerEnforced"
              }
            ]
          },
          "sensitive_attributes": [],
          "private": "bnVsbA==",
          "dependencies": [
            "module.bootstrap.module.terraform_state_bucket.aws_s3_bucket.private_bucket",
            "module.bootstrap.module.terraform_state_bucket.aws_s3_bucket_policy.private_bucket",
            "module.bootstrap.module.terraform_state_bucket.aws_s3_bucket_public_access_block.public_access_block",
            "module.bootstrap.module.terraform_state_bucket.data.aws_caller_identity.current",
            "module.bootstrap.module.terraform_state_bucket.data.aws_iam_account_alias.current",
            "module.bootstrap.module.terraform_state_bucket.data.aws_iam_policy_document.supplemental_policy",
            "module.bootstrap.module.terraform_state_bucket.data.aws_partition.current",
            "module.bootstrap.module.terraform_state_bucket_logs.aws_s3_bucket.aws_logs",
            "module.bootstrap.module.terraform_state_bucket_logs.aws_s3_bucket_acl.aws_logs",
            "module.bootstrap.module.terraform_state_bucket_logs.aws_s3_bucket_lifecycle_configuration.aws_logs",
            "module.bootstrap.module.terraform_state_bucket_logs.aws_s3_bucket_logging.aws_logs",
            "module.bootstrap.module.terraform_state_bucket_logs.aws_s3_bucket_ownership_controls.aws_logs",
            "module.bootstrap.module.terraform_state_bucket_logs.aws_s3_bucket_policy.aws_logs",
            "module.bootstrap.module.terraform_state_bucket_logs.aws_s3_bucket_public_access_block.public_access_block",
            "module.bootstrap.module.terraform_state_bucket_logs.aws_s3_bucket_server_side_encryption_configuration.aws_logs",
            "module.bootstrap.module.terraform_state_bucket_logs.aws_s3_bucket_versioning.aws_logs",
            "module.bootstrap.module.terraform_state_bucket_logs.data.aws_caller_identity.current",
            "module.bootstrap.module.terraform_state_bucket_logs.data.aws_elb_service_account.main",
            "module.bootstrap.module.terraform_state_bucket_logs.data.aws_iam_policy_document.main",
            "module.bootstrap.module.terraform_state_bucket_logs.data.aws_partition.current",
            "module.bootstrap.module.terraform_state_bucket_logs.data.aws_region.current"
          ]
        }
      ]
    },
    {
      "module": "module.bootstrap.module.terraform_state_bucket",
      "mode": "managed",
      "type": "aws_s3_bucket_policy",
      "name": "private_bucket",
      "provider": "provider[\"registry.terraform.io/hashicorp/aws\"]",
      "instances": [
        {
          "schema_version": 0,
          "attributes": {
            "bucket": "aws2023-tf-state-us-east-2",
            "id": "aws2023-tf-state-us-east-2",
            "policy": "{\"Statement\":[{\"Action\":\"s3:*\",\"Condition\":{\"Bool\":{\"aws:SecureTransport\":\"false\"}},\"Effect\":\"Deny\",\"Principal\":{\"AWS\":\"*\"},\"Resource\":\"arn:aws:s3:::aws2023-tf-state-us-east-2/*\",\"Sid\":\"enforce-tls-requests-only\"},{\"Action\":\"s3:PutObject\",\"Condition\":{\"ArnLike\":{\"aws:SourceArn\":\"arn:aws:s3:::aws2023-tf-state-us-east-2\"},\"StringEquals\":{\"aws:SourceAccount\":\"737257479692\",\"s3:x-amz-acl\":\"bucket-owner-full-control\"}},\"Effect\":\"Allow\",\"Principal\":{\"Service\":\"s3.amazonaws.com\"},\"Resource\":\"arn:aws:s3:::aws2023-tf-state-us-east-2/*\",\"Sid\":\"inventory-and-analytics\"}],\"Version\":\"2012-10-17\"}"
          },
          "sensitive_attributes": [],
          "private": "bnVsbA==",
          "dependencies": [
            "module.bootstrap.module.terraform_state_bucket.aws_s3_bucket.private_bucket",
            "module.bootstrap.module.terraform_state_bucket.data.aws_caller_identity.current",
            "module.bootstrap.module.terraform_state_bucket.data.aws_iam_account_alias.current",
            "module.bootstrap.module.terraform_state_bucket.data.aws_iam_policy_document.supplemental_policy",
            "module.bootstrap.module.terraform_state_bucket.data.aws_partition.current",
            "module.bootstrap.module.terraform_state_bucket_logs.aws_s3_bucket.aws_logs",
            "module.bootstrap.module.terraform_state_bucket_logs.aws_s3_bucket_acl.aws_logs",
            "module.bootstrap.module.terraform_state_bucket_logs.aws_s3_bucket_lifecycle_configuration.aws_logs",
            "module.bootstrap.module.terraform_state_bucket_logs.aws_s3_bucket_logging.aws_logs",
            "module.bootstrap.module.terraform_state_bucket_logs.aws_s3_bucket_ownership_controls.aws_logs",
            "module.bootstrap.module.terraform_state_bucket_logs.aws_s3_bucket_policy.aws_logs",
            "module.bootstrap.module.terraform_state_bucket_logs.aws_s3_bucket_public_access_block.public_access_block",
            "module.bootstrap.module.terraform_state_bucket_logs.aws_s3_bucket_server_side_encryption_configuration.aws_logs",
            "module.bootstrap.module.terraform_state_bucket_logs.aws_s3_bucket_versioning.aws_logs",
            "module.bootstrap.module.terraform_state_bucket_logs.data.aws_caller_identity.current",
            "module.bootstrap.module.terraform_state_bucket_logs.data.aws_elb_service_account.main",
            "module.bootstrap.module.terraform_state_bucket_logs.data.aws_iam_policy_document.main",
            "module.bootstrap.module.terraform_state_bucket_logs.data.aws_partition.current",
            "module.bootstrap.module.terraform_state_bucket_logs.data.aws_region.current"
          ]
        }
      ]
    },
    {
      "module": "module.bootstrap.module.terraform_state_bucket",
      "mode": "managed",
      "type": "aws_s3_bucket_public_access_block",
      "name": "public_access_block",
      "provider": "provider[\"registry.terraform.io/hashicorp/aws\"]",
      "instances": [
        {
          "index_key": 0,
          "schema_version": 0,
          "attributes": {
            "block_public_acls": true,
            "block_public_policy": true,
            "bucket": "aws2023-tf-state-us-east-2",
            "id": "aws2023-tf-state-us-east-2",
            "ignore_public_acls": true,
            "restrict_public_buckets": true
          },
          "sensitive_attributes": [],
          "private": "bnVsbA==",
          "dependencies": [
            "module.bootstrap.module.terraform_state_bucket.aws_s3_bucket.private_bucket",
            "module.bootstrap.module.terraform_state_bucket.data.aws_iam_account_alias.current",
            "module.bootstrap.module.terraform_state_bucket_logs.aws_s3_bucket.aws_logs",
            "module.bootstrap.module.terraform_state_bucket_logs.aws_s3_bucket_acl.aws_logs",
            "module.bootstrap.module.terraform_state_bucket_logs.aws_s3_bucket_lifecycle_configuration.aws_logs",
            "module.bootstrap.module.terraform_state_bucket_logs.aws_s3_bucket_logging.aws_logs",
            "module.bootstrap.module.terraform_state_bucket_logs.aws_s3_bucket_ownership_controls.aws_logs",
            "module.bootstrap.module.terraform_state_bucket_logs.aws_s3_bucket_policy.aws_logs",
            "module.bootstrap.module.terraform_state_bucket_logs.aws_s3_bucket_public_access_block.public_access_block",
            "module.bootstrap.module.terraform_state_bucket_logs.aws_s3_bucket_server_side_encryption_configuration.aws_logs",
            "module.bootstrap.module.terraform_state_bucket_logs.aws_s3_bucket_versioning.aws_logs",
            "module.bootstrap.module.terraform_state_bucket_logs.data.aws_caller_identity.current",
            "module.bootstrap.module.terraform_state_bucket_logs.data.aws_elb_service_account.main",
            "module.bootstrap.module.terraform_state_bucket_logs.data.aws_iam_policy_document.main",
            "module.bootstrap.module.terraform_state_bucket_logs.data.aws_partition.current",
            "module.bootstrap.module.terraform_state_bucket_logs.data.aws_region.current"
          ]
        }
      ]
    },
    {
      "module": "module.bootstrap.module.terraform_state_bucket",
      "mode": "managed",
      "type": "aws_s3_bucket_server_side_encryption_configuration",
      "name": "private_bucket",
      "provider": "provider[\"registry.terraform.io/hashicorp/aws\"]",
      "instances": [
        {
          "schema_version": 0,
          "attributes": {
            "bucket": "aws2023-tf-state-us-east-2",
            "expected_bucket_owner": "",
            "id": "aws2023-tf-state-us-east-2",
            "rule": [
              {
                "apply_server_side_encryption_by_default": [
                  {
                    "kms_master_key_id": "",
                    "sse_algorithm": "AES256"
                  }
                ],
                "bucket_key_enabled": false
              }
            ]
          },
          "sensitive_attributes": [],
          "private": "bnVsbA==",
          "dependencies": [
            "module.bootstrap.module.terraform_state_bucket.aws_s3_bucket.private_bucket",
            "module.bootstrap.module.terraform_state_bucket.data.aws_iam_account_alias.current",
            "module.bootstrap.module.terraform_state_bucket_logs.aws_s3_bucket.aws_logs",
            "module.bootstrap.module.terraform_state_bucket_logs.aws_s3_bucket_acl.aws_logs",
            "module.bootstrap.module.terraform_state_bucket_logs.aws_s3_bucket_lifecycle_configuration.aws_logs",
            "module.bootstrap.module.terraform_state_bucket_logs.aws_s3_bucket_logging.aws_logs",
            "module.bootstrap.module.terraform_state_bucket_logs.aws_s3_bucket_ownership_controls.aws_logs",
            "module.bootstrap.module.terraform_state_bucket_logs.aws_s3_bucket_policy.aws_logs",
            "module.bootstrap.module.terraform_state_bucket_logs.aws_s3_bucket_public_access_block.public_access_block",
            "module.bootstrap.module.terraform_state_bucket_logs.aws_s3_bucket_server_side_encryption_configuration.aws_logs",
            "module.bootstrap.module.terraform_state_bucket_logs.aws_s3_bucket_versioning.aws_logs",
            "module.bootstrap.module.terraform_state_bucket_logs.data.aws_caller_identity.current",
            "module.bootstrap.module.terraform_state_bucket_logs.data.aws_elb_service_account.main",
            "module.bootstrap.module.terraform_state_bucket_logs.data.aws_iam_policy_document.main",
            "module.bootstrap.module.terraform_state_bucket_logs.data.aws_partition.current",
            "module.bootstrap.module.terraform_state_bucket_logs.data.aws_region.current"
          ]
        }
      ]
    },
    {
      "module": "module.bootstrap.module.terraform_state_bucket",
      "mode": "managed",
      "type": "aws_s3_bucket_versioning",
      "name": "private_bucket",
      "provider": "provider[\"registry.terraform.io/hashicorp/aws\"]",
      "instances": [
        {
          "schema_version": 0,
          "attributes": {
            "bucket": "aws2023-tf-state-us-east-2",
            "expected_bucket_owner": "",
            "id": "aws2023-tf-state-us-east-2",
            "mfa": null,
            "versioning_configuration": [
              {
                "mfa_delete": "",
                "status": "Enabled"
              }
            ]
          },
          "sensitive_attributes": [],
          "private": "bnVsbA==",
          "dependencies": [
            "module.bootstrap.module.terraform_state_bucket.aws_s3_bucket.private_bucket",
            "module.bootstrap.module.terraform_state_bucket.data.aws_iam_account_alias.current",
            "module.bootstrap.module.terraform_state_bucket_logs.aws_s3_bucket.aws_logs",
            "module.bootstrap.module.terraform_state_bucket_logs.aws_s3_bucket_acl.aws_logs",
            "module.bootstrap.module.terraform_state_bucket_logs.aws_s3_bucket_lifecycle_configuration.aws_logs",
            "module.bootstrap.module.terraform_state_bucket_logs.aws_s3_bucket_logging.aws_logs",
            "module.bootstrap.module.terraform_state_bucket_logs.aws_s3_bucket_ownership_controls.aws_logs",
            "module.bootstrap.module.terraform_state_bucket_logs.aws_s3_bucket_policy.aws_logs",
            "module.bootstrap.module.terraform_state_bucket_logs.aws_s3_bucket_public_access_block.public_access_block",
            "module.bootstrap.module.terraform_state_bucket_logs.aws_s3_bucket_server_side_encryption_configuration.aws_logs",
            "module.bootstrap.module.terraform_state_bucket_logs.aws_s3_bucket_versioning.aws_logs",
            "module.bootstrap.module.terraform_state_bucket_logs.data.aws_caller_identity.current",
            "module.bootstrap.module.terraform_state_bucket_logs.data.aws_elb_service_account.main",
            "module.bootstrap.module.terraform_state_bucket_logs.data.aws_iam_policy_document.main",
            "module.bootstrap.module.terraform_state_bucket_logs.data.aws_partition.current",
            "module.bootstrap.module.terraform_state_bucket_logs.data.aws_region.current"
          ]
        }
      ]
    },
    {
      "module": "module.bootstrap.module.terraform_state_bucket_logs",
      "mode": "data",
      "type": "aws_caller_identity",
      "name": "current",
      "provider": "provider[\"registry.terraform.io/hashicorp/aws\"]",
      "instances": [
        {
          "schema_version": 0,
          "attributes": {
            "account_id": "737257479692",
            "arn": "arn:aws:iam::737257479692:user/terraria-aws",
            "id": "737257479692",
            "user_id": "AIDA2XJ7YLYGE46H3QCNY"
          },
          "sensitive_attributes": []
        }
      ]
    },
    {
      "module": "module.bootstrap.module.terraform_state_bucket_logs",
      "mode": "data",
      "type": "aws_elb_service_account",
      "name": "main",
      "provider": "provider[\"registry.terraform.io/hashicorp/aws\"]",
      "instances": [
        {
          "schema_version": 0,
          "attributes": {
            "arn": "arn:aws:iam::033677994240:root",
            "id": "033677994240",
            "region": null
          },
          "sensitive_attributes": []
        }
      ]
    },
    {
      "module": "module.bootstrap.module.terraform_state_bucket_logs",
      "mode": "data",
      "type": "aws_iam_policy_document",
      "name": "main",
      "provider": "provider[\"registry.terraform.io/hashicorp/aws\"]",
      "instances": [
        {
          "schema_version": 0,
          "attributes": {
            "id": "1784899383",
            "json": "{\n  \"Version\": \"2012-10-17\",\n  \"Statement\": [\n    {\n      \"Sid\": \"cloudtrail-logs-get-bucket-acl\",\n      \"Effect\": \"Deny\",\n      \"Action\": \"s3:GetBucketAcl\",\n      \"Resource\": \"arn:aws:s3:::aws2023-tf-state-log-us-east-2\",\n      \"Principal\": {\n        \"Service\": \"cloudtrail.amazonaws.com\"\n      }\n    },\n    {\n      \"Sid\": \"cloudtrail-logs-put-object\",\n      \"Effect\": \"Deny\",\n      \"Action\": \"s3:PutObject\",\n      \"Resource\": \"arn:aws:s3:::aws2023-tf-state-log-us-east-2/cloudtrail/AWSLogs/737257479692/*\",\n      \"Principal\": {\n        \"Service\": \"cloudtrail.amazonaws.com\"\n      },\n      \"Condition\": {\n        \"StringEquals\": {\n          \"s3:x-amz-acl\": \"bucket-owner-full-control\"\n        }\n      }\n    },\n    {\n      \"Sid\": \"cloudwatch-logs-get-bucket-acl\",\n      \"Effect\": \"Deny\",\n      \"Action\": \"s3:GetBucketAcl\",\n      \"Resource\": \"arn:aws:s3:::aws2023-tf-state-log-us-east-2\",\n      \"Principal\": {\n        \"Service\": \"logs.us-east-2.amazonaws.com\"\n      }\n    },\n    {\n      \"Sid\": \"cloudwatch-logs-put-object\",\n      \"Effect\": \"Deny\",\n      \"Action\": \"s3:PutObject\",\n      \"Resource\": \"arn:aws:s3:::aws2023-tf-state-log-us-east-2/cloudwatch/*\",\n      \"Principal\": {\n        \"Service\": \"logs.us-east-2.amazonaws.com\"\n      },\n      \"Condition\": {\n        \"StringEquals\": {\n          \"s3:x-amz-acl\": \"bucket-owner-full-control\"\n        }\n      }\n    },\n    {\n      \"Sid\": \"config-permissions-check\",\n      \"Effect\": \"Deny\",\n      \"Action\": [\n        \"s3:ListBucket\",\n        \"s3:GetBucketAcl\"\n      ],\n      \"Resource\": \"arn:aws:s3:::aws2023-tf-state-log-us-east-2\",\n      \"Principal\": {\n        \"Service\": \"config.amazonaws.com\"\n      }\n    },\n    {\n      \"Sid\": \"config-bucket-delivery-0\",\n      \"Effect\": \"Deny\",\n      \"Action\": [\n        \"s3:PutObjectAcl\",\n        \"s3:PutObject\"\n      ],\n      \"Resource\": \"arn:aws:s3:::aws2023-tf-state-log-us-east-2/config/AWSLogs/737257479692/Config/*\",\n      \"Principal\": {\n        \"Service\": \"config.amazonaws.com\"\n      },\n      \"Condition\": {\n        \"StringEquals\": {\n          \"AWS:SourceAccount\": \"737257479692\",\n          \"s3:x-amz-acl\": \"bucket-owner-full-control\"\n        }\n      }\n    },\n    {\n      \"Sid\": \"elb-logs-put-object\",\n      \"Effect\": \"Deny\",\n      \"Action\": \"s3:PutObject\",\n      \"Resource\": \"arn:aws:s3:::aws2023-tf-state-log-us-east-2/elb/AWSLogs/737257479692/*\",\n      \"Principal\": {\n        \"AWS\": \"arn:aws:iam::033677994240:root\"\n      }\n    },\n    {\n      \"Sid\": \"alb-logs-put-object\",\n      \"Effect\": \"Deny\",\n      \"Action\": \"s3:PutObject\",\n      \"Resource\": \"arn:aws:s3:::aws2023-tf-state-log-us-east-2/alb/AWSLogs/737257479692/*\",\n      \"Principal\": {\n        \"AWS\": \"arn:aws:iam::033677994240:root\"\n      }\n    },\n    {\n      \"Sid\": \"nlb-logs-put-object\",\n      \"Effect\": \"Deny\",\n      \"Action\": \"s3:PutObject\",\n      \"Resource\": \"arn:aws:s3:::aws2023-tf-state-log-us-east-2/nlb/AWSLogs/737257479692/*\",\n      \"Principal\": {\n        \"Service\": \"delivery.logs.amazonaws.com\"\n      },\n      \"Condition\": {\n        \"StringEquals\": {\n          \"s3:x-amz-acl\": \"bucket-owner-full-control\"\n        }\n      }\n    },\n    {\n      \"Sid\": \"nlb-logs-acl-check\",\n      \"Effect\": \"Deny\",\n      \"Action\": \"s3:GetBucketAcl\",\n      \"Resource\": \"arn:aws:s3:::aws2023-tf-state-log-us-east-2\",\n      \"Principal\": {\n        \"Service\": \"delivery.logs.amazonaws.com\"\n      }\n    },\n    {\n      \"Sid\": \"redshift-logs-put-object\",\n      \"Effect\": \"Deny\",\n      \"Action\": \"s3:PutObject\",\n      \"Resource\": \"arn:aws:s3:::aws2023-tf-state-log-us-east-2/redshift/*\",\n      \"Principal\": {\n        \"Service\": \"redshift.amazonaws.com\"\n      }\n    },\n    {\n      \"Sid\": \"redshift-logs-get-bucket-acl\",\n      \"Effect\": \"Deny\",\n      \"Action\": \"s3:GetBucketAcl\",\n      \"Resource\": \"arn:aws:s3:::aws2023-tf-state-log-us-east-2\",\n      \"Principal\": {\n        \"Service\": \"redshift.amazonaws.com\"\n      }\n    },\n    {\n      \"Sid\": \"s3-logs-put-object\",\n      \"Effect\": \"Deny\",\n      \"Action\": \"s3:PutObject\",\n      \"Resource\": \"arn:aws:s3:::aws2023-tf-state-log-us-east-2/s3/*\",\n      \"Principal\": {\n        \"Service\": \"logging.s3.amazonaws.com\"\n      }\n    },\n    {\n      \"Sid\": \"enforce-tls-requests-only\",\n      \"Effect\": \"Deny\",\n      \"Action\": \"s3:*\",\n      \"Resource\": [\n        \"arn:aws:s3:::aws2023-tf-state-log-us-east-2/*\",\n        \"arn:aws:s3:::aws2023-tf-state-log-us-east-2\"\n      ],\n      \"Principal\": {\n        \"AWS\": \"*\"\n      },\n      \"Condition\": {\n        \"Bool\": {\n          \"aws:SecureTransport\": \"false\"\n        }\n      }\n    }\n  ]\n}",
            "override_policy_documents": null,
            "policy_id": null,
            "source_policy_documents": null,
            "statement": [
              {
                "actions": [
                  "s3:GetBucketAcl"
                ],
                "condition": [],
                "effect": "Deny",
                "not_actions": [],
                "not_principals": [],
                "not_resources": [],
                "principals": [
                  {
                    "identifiers": [
                      "cloudtrail.amazonaws.com"
                    ],
                    "type": "Service"
                  }
                ],
                "resources": [
                  "arn:aws:s3:::aws2023-tf-state-log-us-east-2"
                ],
                "sid": "cloudtrail-logs-get-bucket-acl"
              },
              {
                "actions": [
                  "s3:PutObject"
                ],
                "condition": [
                  {
                    "test": "StringEquals",
                    "values": [
                      "bucket-owner-full-control"
                    ],
                    "variable": "s3:x-amz-acl"
                  }
                ],
                "effect": "Deny",
                "not_actions": [],
                "not_principals": [],
                "not_resources": [],
                "principals": [
                  {
                    "identifiers": [
                      "cloudtrail.amazonaws.com"
                    ],
                    "type": "Service"
                  }
                ],
                "resources": [
                  "arn:aws:s3:::aws2023-tf-state-log-us-east-2/cloudtrail/AWSLogs/737257479692/*"
                ],
                "sid": "cloudtrail-logs-put-object"
              },
              {
                "actions": [
                  "s3:GetBucketAcl"
                ],
                "condition": [],
                "effect": "Deny",
                "not_actions": [],
                "not_principals": [],
                "not_resources": [],
                "principals": [
                  {
                    "identifiers": [
                      "logs.us-east-2.amazonaws.com"
                    ],
                    "type": "Service"
                  }
                ],
                "resources": [
                  "arn:aws:s3:::aws2023-tf-state-log-us-east-2"
                ],
                "sid": "cloudwatch-logs-get-bucket-acl"
              },
              {
                "actions": [
                  "s3:PutObject"
                ],
                "condition": [
                  {
                    "test": "StringEquals",
                    "values": [
                      "bucket-owner-full-control"
                    ],
                    "variable": "s3:x-amz-acl"
                  }
                ],
                "effect": "Deny",
                "not_actions": [],
                "not_principals": [],
                "not_resources": [],
                "principals": [
                  {
                    "identifiers": [
                      "logs.us-east-2.amazonaws.com"
                    ],
                    "type": "Service"
                  }
                ],
                "resources": [
                  "arn:aws:s3:::aws2023-tf-state-log-us-east-2/cloudwatch/*"
                ],
                "sid": "cloudwatch-logs-put-object"
              },
              {
                "actions": [
                  "s3:GetBucketAcl",
                  "s3:ListBucket"
                ],
                "condition": [],
                "effect": "Deny",
                "not_actions": [],
                "not_principals": [],
                "not_resources": [],
                "principals": [
                  {
                    "identifiers": [
                      "config.amazonaws.com"
                    ],
                    "type": "Service"
                  }
                ],
                "resources": [
                  "arn:aws:s3:::aws2023-tf-state-log-us-east-2"
                ],
                "sid": "config-permissions-check"
              },
              {
                "actions": [
                  "s3:PutObject",
                  "s3:PutObjectAcl"
                ],
                "condition": [
                  {
                    "test": "StringEquals",
                    "values": [
                      "737257479692"
                    ],
                    "variable": "AWS:SourceAccount"
                  },
                  {
                    "test": "StringEquals",
                    "values": [
                      "bucket-owner-full-control"
                    ],
                    "variable": "s3:x-amz-acl"
                  }
                ],
                "effect": "Deny",
                "not_actions": [],
                "not_principals": [],
                "not_resources": [],
                "principals": [
                  {
                    "identifiers": [
                      "config.amazonaws.com"
                    ],
                    "type": "Service"
                  }
                ],
                "resources": [
                  "arn:aws:s3:::aws2023-tf-state-log-us-east-2/config/AWSLogs/737257479692/Config/*"
                ],
                "sid": "config-bucket-delivery-0"
              },
              {
                "actions": [
                  "s3:PutObject"
                ],
                "condition": [],
                "effect": "Deny",
                "not_actions": [],
                "not_principals": [],
                "not_resources": [],
                "principals": [
                  {
                    "identifiers": [
                      "arn:aws:iam::033677994240:root"
                    ],
                    "type": "AWS"
                  }
                ],
                "resources": [
                  "arn:aws:s3:::aws2023-tf-state-log-us-east-2/elb/AWSLogs/737257479692/*"
                ],
                "sid": "elb-logs-put-object"
              },
              {
                "actions": [
                  "s3:PutObject"
                ],
                "condition": [],
                "effect": "Deny",
                "not_actions": [],
                "not_principals": [],
                "not_resources": [],
                "principals": [
                  {
                    "identifiers": [
                      "arn:aws:iam::033677994240:root"
                    ],
                    "type": "AWS"
                  }
                ],
                "resources": [
                  "arn:aws:s3:::aws2023-tf-state-log-us-east-2/alb/AWSLogs/737257479692/*"
                ],
                "sid": "alb-logs-put-object"
              },
              {
                "actions": [
                  "s3:PutObject"
                ],
                "condition": [
                  {
                    "test": "StringEquals",
                    "values": [
                      "bucket-owner-full-control"
                    ],
                    "variable": "s3:x-amz-acl"
                  }
                ],
                "effect": "Deny",
                "not_actions": [],
                "not_principals": [],
                "not_resources": [],
                "principals": [
                  {
                    "identifiers": [
                      "delivery.logs.amazonaws.com"
                    ],
                    "type": "Service"
                  }
                ],
                "resources": [
                  "arn:aws:s3:::aws2023-tf-state-log-us-east-2/nlb/AWSLogs/737257479692/*"
                ],
                "sid": "nlb-logs-put-object"
              },
              {
                "actions": [
                  "s3:GetBucketAcl"
                ],
                "condition": [],
                "effect": "Deny",
                "not_actions": [],
                "not_principals": [],
                "not_resources": [],
                "principals": [
                  {
                    "identifiers": [
                      "delivery.logs.amazonaws.com"
                    ],
                    "type": "Service"
                  }
                ],
                "resources": [
                  "arn:aws:s3:::aws2023-tf-state-log-us-east-2"
                ],
                "sid": "nlb-logs-acl-check"
              },
              {
                "actions": [
                  "s3:PutObject"
                ],
                "condition": [],
                "effect": "Deny",
                "not_actions": [],
                "not_principals": [],
                "not_resources": [],
                "principals": [
                  {
                    "identifiers": [
                      "redshift.amazonaws.com"
                    ],
                    "type": "Service"
                  }
                ],
                "resources": [
                  "arn:aws:s3:::aws2023-tf-state-log-us-east-2/redshift/*"
                ],
                "sid": "redshift-logs-put-object"
              },
              {
                "actions": [
                  "s3:GetBucketAcl"
                ],
                "condition": [],
                "effect": "Deny",
                "not_actions": [],
                "not_principals": [],
                "not_resources": [],
                "principals": [
                  {
                    "identifiers": [
                      "redshift.amazonaws.com"
                    ],
                    "type": "Service"
                  }
                ],
                "resources": [
                  "arn:aws:s3:::aws2023-tf-state-log-us-east-2"
                ],
                "sid": "redshift-logs-get-bucket-acl"
              },
              {
                "actions": [
                  "s3:PutObject"
                ],
                "condition": [],
                "effect": "Deny",
                "not_actions": [],
                "not_principals": [],
                "not_resources": [],
                "principals": [
                  {
                    "identifiers": [
                      "logging.s3.amazonaws.com"
                    ],
                    "type": "Service"
                  }
                ],
                "resources": [
                  "arn:aws:s3:::aws2023-tf-state-log-us-east-2/s3/*"
                ],
                "sid": "s3-logs-put-object"
              },
              {
                "actions": [
                  "s3:*"
                ],
                "condition": [
                  {
                    "test": "Bool",
                    "values": [
                      "false"
                    ],
                    "variable": "aws:SecureTransport"
                  }
                ],
                "effect": "Deny",
                "not_actions": [],
                "not_principals": [],
                "not_resources": [],
                "principals": [
                  {
                    "identifiers": [
                      "*"
                    ],
                    "type": "AWS"
                  }
                ],
                "resources": [
                  "arn:aws:s3:::aws2023-tf-state-log-us-east-2",
                  "arn:aws:s3:::aws2023-tf-state-log-us-east-2/*"
                ],
                "sid": "enforce-tls-requests-only"
              }
            ],
            "version": "2012-10-17"
          },
          "sensitive_attributes": []
        }
      ]
    },
    {
      "module": "module.bootstrap.module.terraform_state_bucket_logs",
      "mode": "data",
      "type": "aws_partition",
      "name": "current",
      "provider": "provider[\"registry.terraform.io/hashicorp/aws\"]",
      "instances": [
        {
          "schema_version": 0,
          "attributes": {
            "dns_suffix": "amazonaws.com",
            "id": "aws",
            "partition": "aws",
            "reverse_dns_prefix": "com.amazonaws"
          },
          "sensitive_attributes": []
        }
      ]
    },
    {
      "module": "module.bootstrap.module.terraform_state_bucket_logs",
      "mode": "data",
      "type": "aws_region",
      "name": "current",
      "provider": "provider[\"registry.terraform.io/hashicorp/aws\"]",
      "instances": [
        {
          "schema_version": 0,
          "attributes": {
            "description": "US East (Ohio)",
            "endpoint": "ec2.us-east-2.amazonaws.com",
            "id": "us-east-2",
            "name": "us-east-2"
          },
          "sensitive_attributes": []
        }
      ]
    },
    {
      "module": "module.bootstrap.module.terraform_state_bucket_logs",
      "mode": "managed",
      "type": "aws_s3_bucket",
      "name": "aws_logs",
      "provider": "provider[\"registry.terraform.io/hashicorp/aws\"]",
      "instances": [
        {
          "schema_version": 0,
          "attributes": {
            "acceleration_status": "",
            "acl": null,
            "arn": "arn:aws:s3:::aws2023-tf-state-log-us-east-2",
            "bucket": "aws2023-tf-state-log-us-east-2",
            "bucket_domain_name": "aws2023-tf-state-log-us-east-2.s3.amazonaws.com",
            "bucket_prefix": "",
            "bucket_regional_domain_name": "aws2023-tf-state-log-us-east-2.s3.us-east-2.amazonaws.com",
            "cors_rule": [],
            "force_destroy": false,
            "grant": [
              {
                "id": "1bd32458ffb3793a1e8fb18faf3f347c4fb97201f3a2ca770993f63bf90dcd39",
                "permissions": [
                  "FULL_CONTROL"
                ],
                "type": "CanonicalUser",
                "uri": ""
              }
            ],
            "hosted_zone_id": "Z2O1EMRO9K5GLX",
            "id": "aws2023-tf-state-log-us-east-2",
            "lifecycle_rule": [],
            "logging": [],
            "object_lock_configuration": [],
            "object_lock_enabled": false,
            "policy": "",
            "region": "us-east-2",
            "replication_configuration": [],
            "request_payer": "BucketOwner",
            "server_side_encryption_configuration": [
              {
                "rule": [
                  {
                    "apply_server_side_encryption_by_default": [
                      {
                        "kms_master_key_id": "",
                        "sse_algorithm": "AES256"
                      }
                    ],
                    "bucket_key_enabled": false
                  }
                ]
              }
            ],
            "tags": {
              "Name": "aws2023-tf-state-log-us-east-2"
            },
            "tags_all": {
              "Name": "aws2023-tf-state-log-us-east-2"
            },
            "timeouts": null,
            "versioning": [
              {
                "enabled": false,
                "mfa_delete": false
              }
            ],
            "website": [],
            "website_domain": null,
            "website_endpoint": null
          },
          "sensitive_attributes": [],
          "private": "eyJlMmJmYjczMC1lY2FhLTExZTYtOGY4OC0zNDM2M2JjN2M0YzAiOnsiY3JlYXRlIjoxMjAwMDAwMDAwMDAwLCJkZWxldGUiOjM2MDAwMDAwMDAwMDAsInJlYWQiOjEyMDAwMDAwMDAwMDAsInVwZGF0ZSI6MTIwMDAwMDAwMDAwMH19"
        }
      ]
    },
    {
      "module": "module.bootstrap.module.terraform_state_bucket_logs",
      "mode": "managed",
      "type": "aws_s3_bucket_lifecycle_configuration",
      "name": "aws_logs",
      "provider": "provider[\"registry.terraform.io/hashicorp/aws\"]",
      "instances": [
        {
          "schema_version": 0,
          "attributes": {
            "bucket": "aws2023-tf-state-log-us-east-2",
            "expected_bucket_owner": "",
            "id": "aws2023-tf-state-log-us-east-2",
            "rule": [
              {
                "abort_incomplete_multipart_upload": [],
                "expiration": [
                  {
                    "date": "",
                    "days": 90,
                    "expired_object_delete_marker": false
                  }
                ],
                "filter": [
                  {
                    "and": [],
                    "object_size_greater_than": null,
                    "object_size_less_than": null,
                    "prefix": null,
                    "tag": []
                  }
                ],
                "id": "expire_all_logs",
                "noncurrent_version_expiration": [
                  {
                    "newer_noncurrent_versions": "",
                    "noncurrent_days": 30
                  }
                ],
                "noncurrent_version_transition": [],
                "prefix": "",
                "status": "Enabled",
                "transition": []
              }
            ]
          },
          "sensitive_attributes": [],
          "private": "bnVsbA==",
          "dependencies": [
            "module.bootstrap.module.terraform_state_bucket_logs.aws_s3_bucket.aws_logs"
          ]
        }
      ]
    },
    {
      "module": "module.bootstrap.module.terraform_state_bucket_logs",
      "mode": "managed",
      "type": "aws_s3_bucket_ownership_controls",
      "name": "aws_logs",
      "provider": "provider[\"registry.terraform.io/hashicorp/aws\"]",
      "instances": [
        {
          "index_key": 0,
          "schema_version": 0,
          "attributes": {
            "bucket": "aws2023-tf-state-log-us-east-2",
            "id": "aws2023-tf-state-log-us-east-2",
            "rule": [
              {
                "object_ownership": "BucketOwnerEnforced"
              }
            ]
          },
          "sensitive_attributes": [],
          "private": "bnVsbA==",
          "dependencies": [
            "module.bootstrap.module.terraform_state_bucket_logs.aws_s3_bucket.aws_logs",
            "module.bootstrap.module.terraform_state_bucket_logs.aws_s3_bucket_policy.aws_logs",
            "module.bootstrap.module.terraform_state_bucket_logs.aws_s3_bucket_public_access_block.public_access_block",
            "module.bootstrap.module.terraform_state_bucket_logs.data.aws_iam_policy_document.main"
          ]
        }
      ]
    },
    {
      "module": "module.bootstrap.module.terraform_state_bucket_logs",
      "mode": "managed",
      "type": "aws_s3_bucket_policy",
      "name": "aws_logs",
      "provider": "provider[\"registry.terraform.io/hashicorp/aws\"]",
      "instances": [
        {
          "schema_version": 0,
          "attributes": {
            "bucket": "aws2023-tf-state-log-us-east-2",
            "id": "aws2023-tf-state-log-us-east-2",
            "policy": "{\"Statement\":[{\"Action\":\"s3:GetBucketAcl\",\"Effect\":\"Deny\",\"Principal\":{\"Service\":\"cloudtrail.amazonaws.com\"},\"Resource\":\"arn:aws:s3:::aws2023-tf-state-log-us-east-2\",\"Sid\":\"cloudtrail-logs-get-bucket-acl\"},{\"Action\":\"s3:PutObject\",\"Condition\":{\"StringEquals\":{\"s3:x-amz-acl\":\"bucket-owner-full-control\"}},\"Effect\":\"Deny\",\"Principal\":{\"Service\":\"cloudtrail.amazonaws.com\"},\"Resource\":\"arn:aws:s3:::aws2023-tf-state-log-us-east-2/cloudtrail/AWSLogs/737257479692/*\",\"Sid\":\"cloudtrail-logs-put-object\"},{\"Action\":\"s3:GetBucketAcl\",\"Effect\":\"Deny\",\"Principal\":{\"Service\":\"logs.us-east-2.amazonaws.com\"},\"Resource\":\"arn:aws:s3:::aws2023-tf-state-log-us-east-2\",\"Sid\":\"cloudwatch-logs-get-bucket-acl\"},{\"Action\":\"s3:PutObject\",\"Condition\":{\"StringEquals\":{\"s3:x-amz-acl\":\"bucket-owner-full-control\"}},\"Effect\":\"Deny\",\"Principal\":{\"Service\":\"logs.us-east-2.amazonaws.com\"},\"Resource\":\"arn:aws:s3:::aws2023-tf-state-log-us-east-2/cloudwatch/*\",\"Sid\":\"cloudwatch-logs-put-object\"},{\"Action\":[\"s3:ListBucket\",\"s3:GetBucketAcl\"],\"Effect\":\"Deny\",\"Principal\":{\"Service\":\"config.amazonaws.com\"},\"Resource\":\"arn:aws:s3:::aws2023-tf-state-log-us-east-2\",\"Sid\":\"config-permissions-check\"},{\"Action\":[\"s3:PutObjectAcl\",\"s3:PutObject\"],\"Condition\":{\"StringEquals\":{\"AWS:SourceAccount\":\"737257479692\",\"s3:x-amz-acl\":\"bucket-owner-full-control\"}},\"Effect\":\"Deny\",\"Principal\":{\"Service\":\"config.amazonaws.com\"},\"Resource\":\"arn:aws:s3:::aws2023-tf-state-log-us-east-2/config/AWSLogs/737257479692/Config/*\",\"Sid\":\"config-bucket-delivery-0\"},{\"Action\":\"s3:PutObject\",\"Effect\":\"Deny\",\"Principal\":{\"AWS\":\"arn:aws:iam::033677994240:root\"},\"Resource\":\"arn:aws:s3:::aws2023-tf-state-log-us-east-2/elb/AWSLogs/737257479692/*\",\"Sid\":\"elb-logs-put-object\"},{\"Action\":\"s3:PutObject\",\"Effect\":\"Deny\",\"Principal\":{\"AWS\":\"arn:aws:iam::033677994240:root\"},\"Resource\":\"arn:aws:s3:::aws2023-tf-state-log-us-east-2/alb/AWSLogs/737257479692/*\",\"Sid\":\"alb-logs-put-object\"},{\"Action\":\"s3:PutObject\",\"Condition\":{\"StringEquals\":{\"s3:x-amz-acl\":\"bucket-owner-full-control\"}},\"Effect\":\"Deny\",\"Principal\":{\"Service\":\"delivery.logs.amazonaws.com\"},\"Resource\":\"arn:aws:s3:::aws2023-tf-state-log-us-east-2/nlb/AWSLogs/737257479692/*\",\"Sid\":\"nlb-logs-put-object\"},{\"Action\":\"s3:GetBucketAcl\",\"Effect\":\"Deny\",\"Principal\":{\"Service\":\"delivery.logs.amazonaws.com\"},\"Resource\":\"arn:aws:s3:::aws2023-tf-state-log-us-east-2\",\"Sid\":\"nlb-logs-acl-check\"},{\"Action\":\"s3:PutObject\",\"Effect\":\"Deny\",\"Principal\":{\"Service\":\"redshift.amazonaws.com\"},\"Resource\":\"arn:aws:s3:::aws2023-tf-state-log-us-east-2/redshift/*\",\"Sid\":\"redshift-logs-put-object\"},{\"Action\":\"s3:GetBucketAcl\",\"Effect\":\"Deny\",\"Principal\":{\"Service\":\"redshift.amazonaws.com\"},\"Resource\":\"arn:aws:s3:::aws2023-tf-state-log-us-east-2\",\"Sid\":\"redshift-logs-get-bucket-acl\"},{\"Action\":\"s3:PutObject\",\"Effect\":\"Deny\",\"Principal\":{\"Service\":\"logging.s3.amazonaws.com\"},\"Resource\":\"arn:aws:s3:::aws2023-tf-state-log-us-east-2/s3/*\",\"Sid\":\"s3-logs-put-object\"},{\"Action\":\"s3:*\",\"Condition\":{\"Bool\":{\"aws:SecureTransport\":\"false\"}},\"Effect\":\"Deny\",\"Principal\":{\"AWS\":\"*\"},\"Resource\":[\"arn:aws:s3:::aws2023-tf-state-log-us-east-2/*\",\"arn:aws:s3:::aws2023-tf-state-log-us-east-2\"],\"Sid\":\"enforce-tls-requests-only\"}],\"Version\":\"2012-10-17\"}"
          },
          "sensitive_attributes": [],
          "private": "bnVsbA==",
          "dependencies": [
            "module.bootstrap.module.terraform_state_bucket_logs.aws_s3_bucket.aws_logs",
            "module.bootstrap.module.terraform_state_bucket_logs.data.aws_iam_policy_document.main"
          ]
        }
      ]
    },
    {
      "module": "module.bootstrap.module.terraform_state_bucket_logs",
      "mode": "managed",
      "type": "aws_s3_bucket_public_access_block",
      "name": "public_access_block",
      "provider": "provider[\"registry.terraform.io/hashicorp/aws\"]",
      "instances": [
        {
          "index_key": 0,
          "schema_version": 0,
          "attributes": {
            "block_public_acls": true,
            "block_public_policy": true,
            "bucket": "aws2023-tf-state-log-us-east-2",
            "id": "aws2023-tf-state-log-us-east-2",
            "ignore_public_acls": true,
            "restrict_public_buckets": true
          },
          "sensitive_attributes": [],
          "private": "bnVsbA==",
          "dependencies": [
            "module.bootstrap.module.terraform_state_bucket_logs.aws_s3_bucket.aws_logs"
          ]
        }
      ]
    },
    {
      "module": "module.bootstrap.module.terraform_state_bucket_logs",
      "mode": "managed",
      "type": "aws_s3_bucket_server_side_encryption_configuration",
      "name": "aws_logs",
      "provider": "provider[\"registry.terraform.io/hashicorp/aws\"]",
      "instances": [
        {
          "schema_version": 0,
          "attributes": {
            "bucket": "aws2023-tf-state-log-us-east-2",
            "expected_bucket_owner": "",
            "id": "aws2023-tf-state-log-us-east-2",
            "rule": [
              {
                "apply_server_side_encryption_by_default": [
                  {
                    "kms_master_key_id": "",
                    "sse_algorithm": "AES256"
                  }
                ],
                "bucket_key_enabled": null
              }
            ]
          },
          "sensitive_attributes": [],
          "private": "bnVsbA==",
          "dependencies": [
            "module.bootstrap.module.terraform_state_bucket_logs.aws_s3_bucket.aws_logs"
          ]
        }
      ]
    },
    {
      "module": "module.bootstrap.module.terraform_state_bucket_logs",
      "mode": "managed",
      "type": "aws_s3_bucket_versioning",
      "name": "aws_logs",
      "provider": "provider[\"registry.terraform.io/hashicorp/aws\"]",
      "instances": [
        {
          "schema_version": 0,
          "attributes": {
            "bucket": "aws2023-tf-state-log-us-east-2",
            "expected_bucket_owner": "",
            "id": "aws2023-tf-state-log-us-east-2",
            "mfa": null,
            "versioning_configuration": [
              {
                "mfa_delete": "",
                "status": "Disabled"
              }
            ]
          },
          "sensitive_attributes": [],
          "private": "bnVsbA==",
          "dependencies": [
            "module.bootstrap.module.terraform_state_bucket_logs.aws_s3_bucket.aws_logs"
          ]
        }
      ]
    }
  ],
  "check_results": null
}
